{
  "projects": [
    {
      "projectId": "caTPwKxj5ZrD9LQ7DMdK4Z",
      "version": "3.15.0",
      "dependencies": {},
      "lang": "ts",
      "fileLocks": [
        {
          "assetId": "caTPwKxj5ZrD9LQ7DMdK4Z",
          "type": "projectCss",
          "checksum": "83d5f1930066325a8f34ed77f0239d4a"
        }
      ],
      "codegenVersion": "0.0.1"
    },
    {
      "projectId": "5PMrCeU3oKkGZuRi6ET9Vk",
      "version": "latest",
      "dependencies": {
        "caTPwKxj5ZrD9LQ7DMdK4Z": "3.15.0"
      },
      "lang": "ts",
      "fileLocks": [
        {
          "type": "globalVariant",
          "assetId": "zXvk5lPy-xewS",
          "checksum": "1997d511c4902fb710d5268c9c7e9e17"
        },
        {
          "type": "renderModule",
          "assetId": "S3NDSKmcNVY8",
          "checksum": "769af5d6de1ba5440efab843b1edab3d"
        },
        {
          "type": "cssRules",
          "assetId": "S3NDSKmcNVY8",
          "checksum": "769af5d6de1ba5440efab843b1edab3d"
        },
        {
          "type": "image",
          "assetId": "HqoZ_2x3V",
          "checksum": "1f3f5877a189d228f998eb990e7ba23b"
        },
        {
          "type": "image",
          "assetId": "tAu6DXxXo",
          "checksum": "ba5baf6aac58b009c5c76c787211f48c"
        },
        {
          "type": "image",
          "assetId": "2nwhk92_z",
          "checksum": "4ddc0a1cc61b93d223b89109ef56e144"
        },
        {
          "type": "renderModule",
          "assetId": "FVXnXoBRd0",
          "checksum": "aedacfb09957e39d5db94b364e6bae54"
        },
        {
          "type": "cssRules",
          "assetId": "FVXnXoBRd0",
          "checksum": "aedacfb09957e39d5db94b364e6bae54"
        },
        {
          "type": "renderModule",
          "assetId": "sXQzK83Pt-G",
          "checksum": "2953f1955f047068bf5f91df968cdfbf"
        },
        {
          "type": "cssRules",
          "assetId": "sXQzK83Pt-G",
          "checksum": "2953f1955f047068bf5f91df968cdfbf"
        },
        {
          "assetId": "5PMrCeU3oKkGZuRi6ET9Vk",
          "type": "projectCss",
          "checksum": "a7ce5c879cf241c10fef85330862de7a"
        }
      ],
      "codegenVersion": "0.0.1"
    }
  ],
  "cliVersion": "0.1.235"
}
